
Microsoft Visual Studio Solution File, Format Version 11.00
# Visual Studio 2010
Project("{FAE04EC0-301F-11D3-BF4B-00C04F79EFBC}") = "June18", "Assembly-CSharp.csproj", "{91A34E30-3D0E-F265-D74C-A89FB788D9CB}"
EndProject
Global
	GlobalSection(SolutionConfigurationPlatforms) = preSolution
		Debug|Any CPU = Debug|Any CPU
		Release|Any CPU = Release|Any CPU
	EndGlobalSection
	GlobalSection(ProjectConfigurationPlatforms) = postSolution
		{91A34E30-3D0E-F265-D74C-A89FB788D9CB}.Debug|Any CPU.ActiveCfg = Debug|Any CPU
		{91A34E30-3D0E-F265-D74C-A89FB788D9CB}.Debug|Any CPU.Build.0 = Debug|Any CPU
		{91A34E30-3D0E-F265-D74C-A89FB788D9CB}.Release|Any CPU.ActiveCfg = Release|Any CPU
		{91A34E30-3D0E-F265-D74C-A89FB788D9CB}.Release|Any CPU.Build.0 = Release|Any CPU
	EndGlobalSection
	GlobalSection(SolutionProperties) = preSolution
		HideSolutionNode = FALSE
	EndGlobalSection
	GlobalSection(MonoDevelopProperties) = preSolution
		StartupItem = Assembly-CSharp.csproj
	EndGlobalSection
EndGlobal
